
Microsoft Visual Studio Solution File, Format Version 12.00
# Visual Studio Version 16
VisualStudioVersion = 16.0.31313.79
MinimumVisualStudioVersion = 10.0.40219.1
Project("{9A19103F-16F7-4668-BE54-9A1E7A4F7556}") = "Modul01_Grundlagen", "HelloWPF\Modul01_Grundlagen.csproj", "{D391116F-4519-4CC0-86B3-43A9A23E9B5B}"
EndProject
Project("{9A19103F-16F7-4668-BE54-9A1E7A4F7556}") = "Modul02_Controls", "Controls\Modul02_Controls.csproj", "{3B512B12-6540-44AB-8A24-1FAE5915A021}"
EndProject
Project("{9A19103F-16F7-4668-BE54-9A1E7A4F7556}") = "Personendatenbank", "Personendatenbank\Personendatenbank.csproj", "{FE61D791-22B6-48DD-A490-21C20F6A83A7}"
EndProject
Project("{9A19103F-16F7-4668-BE54-9A1E7A4F7556}") = "Modul03_Container", "Container\Modul03_Container.csproj", "{1DFE5B8E-9D53-4296-A3F9-4802F3F1C716}"
EndProject
Project("{9A19103F-16F7-4668-BE54-9A1E7A4F7556}") = "Modul04_EventRouting", "EventRouting\Modul04_EventRouting.csproj", "{F3E54329-D738-40E4-B9EE-2106B4B96598}"
EndProject
Project("{9A19103F-16F7-4668-BE54-9A1E7A4F7556}") = "Modul05_PropertyBinding", "PropertyBinding\Modul05_PropertyBinding.csproj", "{E6D3A69A-A7CD-4332-9FDD-5E5D6995175D}"
EndProject
Project("{9A19103F-16F7-4668-BE54-9A1E7A4F7556}") = "ColorPicker", "ColorPicker\ColorPicker.csproj", "{B32EDAEE-048D-427E-B4BD-991315347829}"
EndProject
Project("{9A19103F-16F7-4668-BE54-9A1E7A4F7556}") = "Modul06_DataBinding", "DataBinding\Modul06_DataBinding.csproj", "{B7D2915E-253F-4B8E-8CBE-E3197C7B58D4}"
EndProject
Project("{9A19103F-16F7-4668-BE54-9A1E7A4F7556}") = "Modul07_ResourcesStyles", "Resources\Modul07_ResourcesStyles.csproj", "{316556D4-C220-475B-BE39-22E89A7A2601}"
EndProject
Project("{9A19103F-16F7-4668-BE54-9A1E7A4F7556}") = "Modul15_Localisation", "Localisation\Modul15_Localisation.csproj", "{32958392-84E0-43D8-94DD-2162ADB656DE}"
EndProject
Project("{FAE04EC0-301F-11D3-BF4B-00C04F79EFBC}") = "Modul08_Templates", "Templates\Modul08_Templates.csproj", "{5FA81C09-3BEA-413F-AA46-1747BE7F60B3}"
EndProject
Global
	GlobalSection(SolutionConfigurationPlatforms) = preSolution
		Debug|Any CPU = Debug|Any CPU
		Release|Any CPU = Release|Any CPU
	EndGlobalSection
	GlobalSection(ProjectConfigurationPlatforms) = postSolution
		{D391116F-4519-4CC0-86B3-43A9A23E9B5B}.Debug|Any CPU.ActiveCfg = Debug|Any CPU
		{D391116F-4519-4CC0-86B3-43A9A23E9B5B}.Debug|Any CPU.Build.0 = Debug|Any CPU
		{D391116F-4519-4CC0-86B3-43A9A23E9B5B}.Release|Any CPU.ActiveCfg = Release|Any CPU
		{D391116F-4519-4CC0-86B3-43A9A23E9B5B}.Release|Any CPU.Build.0 = Release|Any CPU
		{3B512B12-6540-44AB-8A24-1FAE5915A021}.Debug|Any CPU.ActiveCfg = Debug|Any CPU
		{3B512B12-6540-44AB-8A24-1FAE5915A021}.Debug|Any CPU.Build.0 = Debug|Any CPU
		{3B512B12-6540-44AB-8A24-1FAE5915A021}.Release|Any CPU.ActiveCfg = Release|Any CPU
		{3B512B12-6540-44AB-8A24-1FAE5915A021}.Release|Any CPU.Build.0 = Release|Any CPU
		{FE61D791-22B6-48DD-A490-21C20F6A83A7}.Debug|Any CPU.ActiveCfg = Debug|Any CPU
		{FE61D791-22B6-48DD-A490-21C20F6A83A7}.Debug|Any CPU.Build.0 = Debug|Any CPU
		{FE61D791-22B6-48DD-A490-21C20F6A83A7}.Release|Any CPU.ActiveCfg = Release|Any CPU
		{FE61D791-22B6-48DD-A490-21C20F6A83A7}.Release|Any CPU.Build.0 = Release|Any CPU
		{1DFE5B8E-9D53-4296-A3F9-4802F3F1C716}.Debug|Any CPU.ActiveCfg = Debug|Any CPU
		{1DFE5B8E-9D53-4296-A3F9-4802F3F1C716}.Debug|Any CPU.Build.0 = Debug|Any CPU
		{1DFE5B8E-9D53-4296-A3F9-4802F3F1C716}.Release|Any CPU.ActiveCfg = Release|Any CPU
		{1DFE5B8E-9D53-4296-A3F9-4802F3F1C716}.Release|Any CPU.Build.0 = Release|Any CPU
		{F3E54329-D738-40E4-B9EE-2106B4B96598}.Debug|Any CPU.ActiveCfg = Debug|Any CPU
		{F3E54329-D738-40E4-B9EE-2106B4B96598}.Debug|Any CPU.Build.0 = Debug|Any CPU
		{F3E54329-D738-40E4-B9EE-2106B4B96598}.Release|Any CPU.ActiveCfg = Release|Any CPU
		{F3E54329-D738-40E4-B9EE-2106B4B96598}.Release|Any CPU.Build.0 = Release|Any CPU
		{E6D3A69A-A7CD-4332-9FDD-5E5D6995175D}.Debug|Any CPU.ActiveCfg = Debug|Any CPU
		{E6D3A69A-A7CD-4332-9FDD-5E5D6995175D}.Debug|Any CPU.Build.0 = Debug|Any CPU
		{E6D3A69A-A7CD-4332-9FDD-5E5D6995175D}.Release|Any CPU.ActiveCfg = Release|Any CPU
		{E6D3A69A-A7CD-4332-9FDD-5E5D6995175D}.Release|Any CPU.Build.0 = Release|Any CPU
		{B32EDAEE-048D-427E-B4BD-991315347829}.Debug|Any CPU.ActiveCfg = Debug|Any CPU
		{B32EDAEE-048D-427E-B4BD-991315347829}.Debug|Any CPU.Build.0 = Debug|Any CPU
		{B32EDAEE-048D-427E-B4BD-991315347829}.Release|Any CPU.ActiveCfg = Release|Any CPU
		{B32EDAEE-048D-427E-B4BD-991315347829}.Release|Any CPU.Build.0 = Release|Any CPU
		{B7D2915E-253F-4B8E-8CBE-E3197C7B58D4}.Debug|Any CPU.ActiveCfg = Debug|Any CPU
		{B7D2915E-253F-4B8E-8CBE-E3197C7B58D4}.Debug|Any CPU.Build.0 = Debug|Any CPU
		{B7D2915E-253F-4B8E-8CBE-E3197C7B58D4}.Release|Any CPU.ActiveCfg = Release|Any CPU
		{B7D2915E-253F-4B8E-8CBE-E3197C7B58D4}.Release|Any CPU.Build.0 = Release|Any CPU
		{316556D4-C220-475B-BE39-22E89A7A2601}.Debug|Any CPU.ActiveCfg = Debug|Any CPU
		{316556D4-C220-475B-BE39-22E89A7A2601}.Debug|Any CPU.Build.0 = Debug|Any CPU
		{316556D4-C220-475B-BE39-22E89A7A2601}.Release|Any CPU.ActiveCfg = Release|Any CPU
		{316556D4-C220-475B-BE39-22E89A7A2601}.Release|Any CPU.Build.0 = Release|Any CPU
		{32958392-84E0-43D8-94DD-2162ADB656DE}.Debug|Any CPU.ActiveCfg = Debug|Any CPU
		{32958392-84E0-43D8-94DD-2162ADB656DE}.Debug|Any CPU.Build.0 = Debug|Any CPU
		{32958392-84E0-43D8-94DD-2162ADB656DE}.Release|Any CPU.ActiveCfg = Release|Any CPU
		{32958392-84E0-43D8-94DD-2162ADB656DE}.Release|Any CPU.Build.0 = Release|Any CPU
		{5FA81C09-3BEA-413F-AA46-1747BE7F60B3}.Debug|Any CPU.ActiveCfg = Debug|Any CPU
		{5FA81C09-3BEA-413F-AA46-1747BE7F60B3}.Debug|Any CPU.Build.0 = Debug|Any CPU
		{5FA81C09-3BEA-413F-AA46-1747BE7F60B3}.Release|Any CPU.ActiveCfg = Release|Any CPU
		{5FA81C09-3BEA-413F-AA46-1747BE7F60B3}.Release|Any CPU.Build.0 = Release|Any CPU
	EndGlobalSection
	GlobalSection(SolutionProperties) = preSolution
		HideSolutionNode = FALSE
	EndGlobalSection
	GlobalSection(ExtensibilityGlobals) = postSolution
		SolutionGuid = {F6DECF5C-3569-45CD-B2D9-BF42A46BB3F8}
	EndGlobalSection
EndGlobal
